# This file was autogenerated by Stack.
# You should not edit this file by hand.
# For more information, please see the documentation at:
#   https://docs.haskellstack.org/en/stable/lock_files

packages:
- completed:
    hackage: ghc-corroborate-1.0.0@sha256:60e580741703235dc81232c41b6a7b29b5cf5e337c92ef1745509e8abf22d2b5,3855
    pantry-tree:
      sha256: 92677e4f5b9145fc1e67bdb5843f699a4d17ea36aa08d5e99fe88a7065b539ea
      size: 4120
  original:
    hackage: ghc-corroborate-1.0.0@sha256:60e580741703235dc81232c41b6a7b29b5cf5e337c92ef1745509e8abf22d2b5,3855
- completed:
    hackage: units-parser-0.1.1.4@sha256:c75a2bdd7a0c08794f0c1d1d1ff8acf2ebef8be6b3350f9841b737fd1551e891,1738
    pantry-tree:
      sha256: fa6335e11a64de8b362419549901c1c62b6f82932f0e8f61de4f0fd6966d94f8
      size: 274
  original:
    hackage: units-parser-0.1.1.4@sha256:c75a2bdd7a0c08794f0c1d1d1ff8acf2ebef8be6b3350f9841b737fd1551e891,1738
snapshots:
- completed:
    sha256: f14a1083bc537cad9e94fdb625ff3a874aee5cb1eb33e5b6271e7b5a557de7fb
    size: 631956
    url: https://raw.githubusercontent.com/commercialhaskell/stackage-snapshots/master/nightly/2022/8/29.yaml
  original: nightly-2022-08-29
