# This file was autogenerated by Stack.
# You should not edit this file by hand.
# For more information, please see the documentation at:
#   https://docs.haskellstack.org/en/stable/lock_files

packages:
- completed:
    hackage: ghc-corroborate-1.0.0@sha256:60e580741703235dc81232c41b6a7b29b5cf5e337c92ef1745509e8abf22d2b5,3855
    pantry-tree:
      sha256: 92677e4f5b9145fc1e67bdb5843f699a4d17ea36aa08d5e99fe88a7065b539ea
      size: 4120
  original:
    hackage: ghc-corroborate-1.0.0@sha256:60e580741703235dc81232c41b6a7b29b5cf5e337c92ef1745509e8abf22d2b5,3855
snapshots:
- completed:
    sha256: fcf6e0fb5397b1a523ecbf5d40ff702cdff022870eedb545aedb744fb10d1816
    size: 616564
    url: https://raw.githubusercontent.com/commercialhaskell/stackage-snapshots/master/nightly/2022/7/10.yaml
  original: nightly-2022-07-10
