# This file was autogenerated by Stack.
# You should not edit this file by hand.
# For more information, please see the documentation at:
#   https://docs.haskellstack.org/en/stable/lock_files

packages:
- completed:
    hackage: units-parser-0.1.1.4@sha256:c75a2bdd7a0c08794f0c1d1d1ff8acf2ebef8be6b3350f9841b737fd1551e891,1738
    pantry-tree:
      size: 274
      sha256: fa6335e11a64de8b362419549901c1c62b6f82932f0e8f61de4f0fd6966d94f8
  original:
    hackage: units-parser-0.1.1.4
- completed:
    hackage: ghc-corroborate-1.0.0@sha256:60e580741703235dc81232c41b6a7b29b5cf5e337c92ef1745509e8abf22d2b5,3855
    pantry-tree:
      size: 4120
      sha256: 92677e4f5b9145fc1e67bdb5843f699a4d17ea36aa08d5e99fe88a7065b539ea
  original:
    hackage: ghc-corroborate-1.0.0@sha256:60e580741703235dc81232c41b6a7b29b5cf5e337c92ef1745509e8abf22d2b5,3855
- completed:
    hackage: doctest-parallel-0.2.3@sha256:5dfa9e67ba0e09339b6916d722ca7afe5fca7d602abb542dbbd9e45f65679f86,5832
    pantry-tree:
      size: 7976
      sha256: 02d59dee25e86d9097fb0e926acedafabcba1f5d9fd474ba8d1be3dc6f8b9a1d
  original:
    hackage: doctest-parallel-0.2.3@sha256:5dfa9e67ba0e09339b6916d722ca7afe5fca7d602abb542dbbd9e45f65679f86,5832
- completed:
    hackage: Cabal-3.6.3.0@sha256:ff97c442b0c679c1c9876acd15f73ac4f602b973c45bde42b43ec28265ee48f4,12459
    pantry-tree:
      size: 19757
      sha256: b250a53bdb56844f047a2927833bb565b936a289abfa85dfc2a63148d776368a
  original:
    hackage: Cabal-3.6.3.0@sha256:ff97c442b0c679c1c9876acd15f73ac4f602b973c45bde42b43ec28265ee48f4,12459
snapshots:
- completed:
    size: 590100
    url: https://raw.githubusercontent.com/commercialhaskell/stackage-snapshots/master/lts/18/28.yaml
    sha256: 428ec8d5ce932190d3cbe266b9eb3c175cd81e984babf876b64019e2cbe4ea68
  original: lts-18.28
