# This file was autogenerated by Stack.
# You should not edit this file by hand.
# For more information, please see the documentation at:
#   https://docs.haskellstack.org/en/stable/lock_files

packages:
- completed:
    hackage: units-parser-0.1.1.4@sha256:c75a2bdd7a0c08794f0c1d1d1ff8acf2ebef8be6b3350f9841b737fd1551e891,1738
    pantry-tree:
      size: 274
      sha256: fa6335e11a64de8b362419549901c1c62b6f82932f0e8f61de4f0fd6966d94f8
  original:
    hackage: units-parser-0.1.1.4
- completed:
    hackage: ghc-corroborate-1.0.0@sha256:60e580741703235dc81232c41b6a7b29b5cf5e337c92ef1745509e8abf22d2b5,3855
    pantry-tree:
      size: 4120
      sha256: 92677e4f5b9145fc1e67bdb5843f699a4d17ea36aa08d5e99fe88a7065b539ea
  original:
    hackage: ghc-corroborate-1.0.0@sha256:60e580741703235dc81232c41b6a7b29b5cf5e337c92ef1745509e8abf22d2b5,3855
snapshots:
- completed:
    size: 619158
    url: https://raw.githubusercontent.com/commercialhaskell/stackage-snapshots/master/lts/19/12.yaml
    sha256: d4d7a4ac80485f3c21d0c6bfe5e7a21c3f71ca4fdfea022f98574047ebb58ebb
  original: lts-19.12
