# This file was autogenerated by Stack.
# You should not edit this file by hand.
# For more information, please see the documentation at:
#   https://docs.haskellstack.org/en/stable/lock_files

packages:
- completed:
    hackage: units-parser-0.1.0.0@sha256:d4c9ed0c8265217114015b288f991e7832933cd0265c786743c00e6919707e9f,1518
    pantry-tree:
      size: 274
      sha256: dba7c712e196e3e9f191669f170001e97b016c844d5ea27b228f9c226b93a896
  original:
    hackage: units-parser-0.1.0.0
- completed:
    hackage: simple-smt-0.9.4@sha256:93746e0c4bade39c9848549103de5b65b169f1faa5b76c7b9bcde2031f31c58f,775
    pantry-tree:
      size: 253
      sha256: f03c5f3b6601b8d9939f1f1bc6e593117f0633da1689a7ff13f7201b42394e38
  original:
    hackage: simple-smt-0.9.4@sha256:93746e0c4bade39c9848549103de5b65b169f1faa5b76c7b9bcde2031f31c58f,775
- completed:
    hackage: th-printf-0.7@sha256:c6b2c08e62a32a327b29b1a3739939f0c85b4079ff2ae6d79fac639f25ee48b1,2297
    pantry-tree:
      size: 1067
      sha256: ba9a8e2afaf6a16b65c7339fad5fbf49715a6613f5542d6adc42e90eca67b503
  original:
    hackage: th-printf-0.7@sha256:c6b2c08e62a32a327b29b1a3739939f0c85b4079ff2ae6d79fac639f25ee48b1,2297
snapshots:
- completed:
    size: 506080
    url: https://raw.githubusercontent.com/commercialhaskell/stackage-snapshots/master/lts/12/16.yaml
    sha256: 8fb23cad3d4913303229b0ac8eee0b1f244b473dd0406ab3542a914ad9153e8b
  original: lts-12.16
